
Microsoft Visual Studio Solution File, Format Version 12.00
# Visual Studio Version 16
VisualStudioVersion = 16.0.30517.126
MinimumVisualStudioVersion = 10.0.40219.1
Project("{FAE04EC0-301F-11D3-BF4B-00C04F79EFBC}") = "MyWebsite", "MyWebsite.csproj", "{6651BC86-F6D5-4362-8B90-2A0ADDA43CB1}"
EndProject
Global
	GlobalSection(SolutionConfigurationPlatforms) = preSolution
		Debug|Any CPU = Debug|Any CPU
		Release|Any CPU = Release|Any CPU
	EndGlobalSection
	GlobalSection(ProjectConfigurationPlatforms) = postSolution
		{6651BC86-F6D5-4362-8B90-2A0ADDA43CB1}.Debug|Any CPU.ActiveCfg = Debug|Any CPU
		{6651BC86-F6D5-4362-8B90-2A0ADDA43CB1}.Debug|Any CPU.Build.0 = Debug|Any CPU
		{6651BC86-F6D5-4362-8B90-2A0ADDA43CB1}.Release|Any CPU.ActiveCfg = Release|Any CPU
		{6651BC86-F6D5-4362-8B90-2A0ADDA43CB1}.Release|Any CPU.Build.0 = Release|Any CPU
	EndGlobalSection
	GlobalSection(SolutionProperties) = preSolution
		HideSolutionNode = FALSE
	EndGlobalSection
	GlobalSection(ExtensibilityGlobals) = postSolution
		SolutionGuid = {19E45E15-651F-42F4-A6AC-DAE44E0999A1}
	EndGlobalSection
EndGlobal
